
Microsoft Visual Studio Solution File, Format Version 12.00
# Visual Studio Version 16
VisualStudioVersion = 16.0.30011.22
MinimumVisualStudioVersion = 10.0.40219.1
Project("{FAE04EC0-301F-11D3-BF4B-00C04F79EFBC}") = "ApiGateway", "ApiGateway\ApiGateway.csproj", "{7DC45C9B-40A7-41BC-B4D8-119A0B932485}"
EndProject
Project("{FAE04EC0-301F-11D3-BF4B-00C04F79EFBC}") = "IdentityService", "IdentityService\IdentityService.csproj", "{FA6BA5FF-15B8-4ECD-AD14-6D029B6B251F}"
EndProject
Project("{FAE04EC0-301F-11D3-BF4B-00C04F79EFBC}") = "InventoryService", "InventoryService\InventoryService.csproj", "{A65B340A-2EE1-4A57-9A03-DF057B18DCE2}"
EndProject
Global
	GlobalSection(SolutionConfigurationPlatforms) = preSolution
		Debug|Any CPU = Debug|Any CPU
		Release|Any CPU = Release|Any CPU
	EndGlobalSection
	GlobalSection(ProjectConfigurationPlatforms) = postSolution
		{7DC45C9B-40A7-41BC-B4D8-119A0B932485}.Debug|Any CPU.ActiveCfg = Debug|Any CPU
		{7DC45C9B-40A7-41BC-B4D8-119A0B932485}.Debug|Any CPU.Build.0 = Debug|Any CPU
		{7DC45C9B-40A7-41BC-B4D8-119A0B932485}.Release|Any CPU.ActiveCfg = Release|Any CPU
		{7DC45C9B-40A7-41BC-B4D8-119A0B932485}.Release|Any CPU.Build.0 = Release|Any CPU
		{FA6BA5FF-15B8-4ECD-AD14-6D029B6B251F}.Debug|Any CPU.ActiveCfg = Debug|Any CPU
		{FA6BA5FF-15B8-4ECD-AD14-6D029B6B251F}.Debug|Any CPU.Build.0 = Debug|Any CPU
		{FA6BA5FF-15B8-4ECD-AD14-6D029B6B251F}.Release|Any CPU.ActiveCfg = Release|Any CPU
		{FA6BA5FF-15B8-4ECD-AD14-6D029B6B251F}.Release|Any CPU.Build.0 = Release|Any CPU
		{A65B340A-2EE1-4A57-9A03-DF057B18DCE2}.Debug|Any CPU.ActiveCfg = Debug|Any CPU
		{A65B340A-2EE1-4A57-9A03-DF057B18DCE2}.Debug|Any CPU.Build.0 = Debug|Any CPU
		{A65B340A-2EE1-4A57-9A03-DF057B18DCE2}.Release|Any CPU.ActiveCfg = Release|Any CPU
		{A65B340A-2EE1-4A57-9A03-DF057B18DCE2}.Release|Any CPU.Build.0 = Release|Any CPU
	EndGlobalSection
	GlobalSection(SolutionProperties) = preSolution
		HideSolutionNode = FALSE
	EndGlobalSection
	GlobalSection(ExtensibilityGlobals) = postSolution
		SolutionGuid = {2C4B8D1E-4F08-484F-BDDD-4007B1423191}
	EndGlobalSection
EndGlobal
